
Microsoft Visual Studio Solution File, Format Version 12.00
# Visual Studio Version 17
VisualStudioVersion = 17.10.34928.147
MinimumVisualStudioVersion = 10.0.40219.1
Project("{FAE04EC0-301F-11D3-BF4B-00C04F79EFBC}") = "A5-Cache", "A5-Cache\A5-Cache.csproj", "{74FD52F8-913B-444A-B353-A12B69BE764A}"
EndProject
Global
	GlobalSection(SolutionConfigurationPlatforms) = preSolution
		Debug|Any CPU = Debug|Any CPU
		Release|Any CPU = Release|Any CPU
	EndGlobalSection
	GlobalSection(ProjectConfigurationPlatforms) = postSolution
		{74FD52F8-913B-444A-B353-A12B69BE764A}.Debug|Any CPU.ActiveCfg = Debug|Any CPU
		{74FD52F8-913B-444A-B353-A12B69BE764A}.Debug|Any CPU.Build.0 = Debug|Any CPU
		{74FD52F8-913B-444A-B353-A12B69BE764A}.Release|Any CPU.ActiveCfg = Release|Any CPU
		{74FD52F8-913B-444A-B353-A12B69BE764A}.Release|Any CPU.Build.0 = Release|Any CPU
	EndGlobalSection
	GlobalSection(SolutionProperties) = preSolution
		HideSolutionNode = FALSE
	EndGlobalSection
	GlobalSection(ExtensibilityGlobals) = postSolution
		SolutionGuid = {C53B6D51-A94D-4573-81AB-32A9E828834A}
	EndGlobalSection
EndGlobal
